
Microsoft Visual Studio Solution File, Format Version 12.00
# Visual Studio 15
VisualStudioVersion = 15.0.28010.2003
MinimumVisualStudioVersion = 10.0.40219.1
Project("{FAE04EC0-301F-11D3-BF4B-00C04F79EFBC}") = "Amiibopedia.Android", "Amiibopedia\Amiibopedia.Android\Amiibopedia.Android.csproj", "{A0BF3BC3-131F-42D8-982C-987B78BCE94E}"
EndProject
Project("{FAE04EC0-301F-11D3-BF4B-00C04F79EFBC}") = "Amiibopedia.iOS", "Amiibopedia\Amiibopedia.iOS\Amiibopedia.iOS.csproj", "{1BE1CE32-2946-4BAE-8939-6CFC3F6AB313}"
EndProject
Project("{FAE04EC0-301F-11D3-BF4B-00C04F79EFBC}") = "Amiibopedia.UWP", "Amiibopedia\Amiibopedia.UWP\Amiibopedia.UWP.csproj", "{96C0EF64-E5AF-4933-B36E-FEC623F487E7}"
EndProject
Project("{FAE04EC0-301F-11D3-BF4B-00C04F79EFBC}") = "Amiibopedia", "Amiibopedia\Amiibopedia\Amiibopedia.csproj", "{5479EE09-E097-48DF-B082-86FED4A3D341}"
EndProject
Global
	GlobalSection(SolutionConfigurationPlatforms) = preSolution
		Ad-Hoc|Any CPU = Ad-Hoc|Any CPU
		Ad-Hoc|ARM = Ad-Hoc|ARM
		Ad-Hoc|iPhone = Ad-Hoc|iPhone
		Ad-Hoc|iPhoneSimulator = Ad-Hoc|iPhoneSimulator
		Ad-Hoc|x64 = Ad-Hoc|x64
		Ad-Hoc|x86 = Ad-Hoc|x86
		AppStore|Any CPU = AppStore|Any CPU
		AppStore|ARM = AppStore|ARM
		AppStore|iPhone = AppStore|iPhone
		AppStore|iPhoneSimulator = AppStore|iPhoneSimulator
		AppStore|x64 = AppStore|x64
		AppStore|x86 = AppStore|x86
		Debug|Any CPU = Debug|Any CPU
		Debug|ARM = Debug|ARM
		Debug|iPhone = Debug|iPhone
		Debug|iPhoneSimulator = Debug|iPhoneSimulator
		Debug|x64 = Debug|x64
		Debug|x86 = Debug|x86
		Release|Any CPU = Release|Any CPU
		Release|ARM = Release|ARM
		Release|iPhone = Release|iPhone
		Release|iPhoneSimulator = Release|iPhoneSimulator
		Release|x64 = Release|x64
		Release|x86 = Release|x86
	EndGlobalSection
	GlobalSection(ProjectConfigurationPlatforms) = postSolution
		{A0BF3BC3-131F-42D8-982C-987B78BCE94E}.Ad-Hoc|Any CPU.ActiveCfg = Release|Any CPU
		{A0BF3BC3-131F-42D8-982C-987B78BCE94E}.Ad-Hoc|Any CPU.Build.0 = Release|Any CPU
		{A0BF3BC3-131F-42D8-982C-987B78BCE94E}.Ad-Hoc|Any CPU.Deploy.0 = Release|Any CPU
		{A0BF3BC3-131F-42D8-982C-987B78BCE94E}.Ad-Hoc|ARM.ActiveCfg = Release|Any CPU
		{A0BF3BC3-131F-42D8-982C-987B78BCE94E}.Ad-Hoc|ARM.Build.0 = Release|Any CPU
		{A0BF3BC3-131F-42D8-982C-987B78BCE94E}.Ad-Hoc|ARM.Deploy.0 = Release|Any CPU
		{A0BF3BC3-131F-42D8-982C-987B78BCE94E}.Ad-Hoc|iPhone.ActiveCfg = Release|Any CPU
		{A0BF3BC3-131F-42D8-982C-987B78BCE94E}.Ad-Hoc|iPhone.Build.0 = Release|Any CPU
		{A0BF3BC3-131F-42D8-982C-987B78BCE94E}.Ad-Hoc|iPhone.Deploy.0 = Release|Any CPU
		{A0BF3BC3-131F-42D8-982C-987B78BCE94E}.Ad-Hoc|iPhoneSimulator.ActiveCfg = Release|Any CPU
		{A0BF3BC3-131F-42D8-982C-987B78BCE94E}.Ad-Hoc|iPhoneSimulator.Build.0 = Release|Any CPU
		{A0BF3BC3-131F-42D8-982C-987B78BCE94E}.Ad-Hoc|iPhoneSimulator.Deploy.0 = Release|Any CPU
		{A0BF3BC3-131F-42D8-982C-987B78BCE94E}.Ad-Hoc|x64.ActiveCfg = Release|Any CPU
		{A0BF3BC3-131F-42D8-982C-987B78BCE94E}.Ad-Hoc|x64.Build.0 = Release|Any CPU
		{A0BF3BC3-131F-42D8-982C-987B78BCE94E}.Ad-Hoc|x64.Deploy.0 = Release|Any CPU
		{A0BF3BC3-131F-42D8-982C-987B78BCE94E}.Ad-Hoc|x86.ActiveCfg = Release|Any CPU
		{A0BF3BC3-131F-42D8-982C-987B78BCE94E}.Ad-Hoc|x86.Build.0 = Release|Any CPU
		{A0BF3BC3-131F-42D8-982C-987B78BCE94E}.Ad-Hoc|x86.Deploy.0 = Release|Any CPU
		{A0BF3BC3-131F-42D8-982C-987B78BCE94E}.AppStore|Any CPU.ActiveCfg = Release|Any CPU
		{A0BF3BC3-131F-42D8-982C-987B78BCE94E}.AppStore|Any CPU.Build.0 = Release|Any CPU
		{A0BF3BC3-131F-42D8-982C-987B78BCE94E}.AppStore|Any CPU.Deploy.0 = Release|Any CPU
		{A0BF3BC3-131F-42D8-982C-987B78BCE94E}.AppStore|ARM.ActiveCfg = Release|Any CPU
		{A0BF3BC3-131F-42D8-982C-987B78BCE94E}.AppStore|ARM.Build.0 = Release|Any CPU
		{A0BF3BC3-131F-42D8-982C-987B78BCE94E}.AppStore|ARM.Deploy.0 = Release|Any CPU
		{A0BF3BC3-131F-42D8-982C-987B78BCE94E}.AppStore|iPhone.ActiveCfg = Release|Any CPU
		{A0BF3BC3-131F-42D8-982C-987B78BCE94E}.AppStore|iPhone.Build.0 = Release|Any CPU
		{A0BF3BC3-131F-42D8-982C-987B78BCE94E}.AppStore|iPhone.Deploy.0 = Release|Any CPU
		{A0BF3BC3-131F-42D8-982C-987B78BCE94E}.AppStore|iPhoneSimulator.ActiveCfg = Release|Any CPU
		{A0BF3BC3-131F-42D8-982C-987B78BCE94E}.AppStore|iPhoneSimulator.Build.0 = Release|Any CPU
		{A0BF3BC3-131F-42D8-982C-987B78BCE94E}.AppStore|iPhoneSimulator.Deploy.0 = Release|Any CPU
		{A0BF3BC3-131F-42D8-982C-987B78BCE94E}.AppStore|x64.ActiveCfg = Release|Any CPU
		{A0BF3BC3-131F-42D8-982C-987B78BCE94E}.AppStore|x64.Build.0 = Release|Any CPU
		{A0BF3BC3-131F-42D8-982C-987B78BCE94E}.AppStore|x64.Deploy.0 = Release|Any CPU
		{A0BF3BC3-131F-42D8-982C-987B78BCE94E}.AppStore|x86.ActiveCfg = Release|Any CPU
		{A0BF3BC3-131F-42D8-982C-987B78BCE94E}.AppStore|x86.Build.0 = Release|Any CPU
		{A0BF3BC3-131F-42D8-982C-987B78BCE94E}.AppStore|x86.Deploy.0 = Release|Any CPU
		{A0BF3BC3-131F-42D8-982C-987B78BCE94E}.Debug|Any CPU.ActiveCfg = Debug|Any CPU
		{A0BF3BC3-131F-42D8-982C-987B78BCE94E}.Debug|Any CPU.Build.0 = Debug|Any CPU
		{A0BF3BC3-131F-42D8-982C-987B78BCE94E}.Debug|Any CPU.Deploy.0 = Debug|Any CPU
		{A0BF3BC3-131F-42D8-982C-987B78BCE94E}.Debug|ARM.ActiveCfg = Debug|Any CPU
		{A0BF3BC3-131F-42D8-982C-987B78BCE94E}.Debug|ARM.Build.0 = Debug|Any CPU
		{A0BF3BC3-131F-42D8-982C-987B78BCE94E}.Debug|ARM.Deploy.0 = Debug|Any CPU
		{A0BF3BC3-131F-42D8-982C-987B78BCE94E}.Debug|iPhone.ActiveCfg = Debug|Any CPU
		{A0BF3BC3-131F-42D8-982C-987B78BCE94E}.Debug|iPhone.Build.0 = Debug|Any CPU
		{A0BF3BC3-131F-42D8-982C-987B78BCE94E}.Debug|iPhone.Deploy.0 = Debug|Any CPU
		{A0BF3BC3-131F-42D8-982C-987B78BCE94E}.Debug|iPhoneSimulator.ActiveCfg = Debug|Any CPU
		{A0BF3BC3-131F-42D8-982C-987B78BCE94E}.Debug|iPhoneSimulator.Build.0 = Debug|Any CPU
		{A0BF3BC3-131F-42D8-982C-987B78BCE94E}.Debug|iPhoneSimulator.Deploy.0 = Debug|Any CPU
		{A0BF3BC3-131F-42D8-982C-987B78BCE94E}.Debug|x64.ActiveCfg = Debug|Any CPU
		{A0BF3BC3-131F-42D8-982C-987B78BCE94E}.Debug|x64.Build.0 = Debug|Any CPU
		{A0BF3BC3-131F-42D8-982C-987B78BCE94E}.Debug|x64.Deploy.0 = Debug|Any CPU
		{A0BF3BC3-131F-42D8-982C-987B78BCE94E}.Debug|x86.ActiveCfg = Debug|Any CPU
		{A0BF3BC3-131F-42D8-982C-987B78BCE94E}.Debug|x86.Build.0 = Debug|Any CPU
		{A0BF3BC3-131F-42D8-982C-987B78BCE94E}.Debug|x86.Deploy.0 = Debug|Any CPU
		{A0BF3BC3-131F-42D8-982C-987B78BCE94E}.Release|Any CPU.ActiveCfg = Release|Any CPU
		{A0BF3BC3-131F-42D8-982C-987B78BCE94E}.Release|Any CPU.Build.0 = Release|Any CPU
		{A0BF3BC3-131F-42D8-982C-987B78BCE94E}.Release|Any CPU.Deploy.0 = Release|Any CPU
		{A0BF3BC3-131F-42D8-982C-987B78BCE94E}.Release|ARM.ActiveCfg = Release|Any CPU
		{A0BF3BC3-131F-42D8-982C-987B78BCE94E}.Release|ARM.Build.0 = Release|Any CPU
		{A0BF3BC3-131F-42D8-982C-987B78BCE94E}.Release|ARM.Deploy.0 = Release|Any CPU
		{A0BF3BC3-131F-42D8-982C-987B78BCE94E}.Release|iPhone.ActiveCfg = Release|Any CPU
		{A0BF3BC3-131F-42D8-982C-987B78BCE94E}.Release|iPhone.Build.0 = Release|Any CPU
		{A0BF3BC3-131F-42D8-982C-987B78BCE94E}.Release|iPhone.Deploy.0 = Release|Any CPU
		{A0BF3BC3-131F-42D8-982C-987B78BCE94E}.Release|iPhoneSimulator.ActiveCfg = Release|Any CPU
		{A0BF3BC3-131F-42D8-982C-987B78BCE94E}.Release|iPhoneSimulator.Build.0 = Release|Any CPU
		{A0BF3BC3-131F-42D8-982C-987B78BCE94E}.Release|iPhoneSimulator.Deploy.0 = Release|Any CPU
		{A0BF3BC3-131F-42D8-982C-987B78BCE94E}.Release|x64.ActiveCfg = Release|Any CPU
		{A0BF3BC3-131F-42D8-982C-987B78BCE94E}.Release|x64.Build.0 = Release|Any CPU
		{A0BF3BC3-131F-42D8-982C-987B78BCE94E}.Release|x64.Deploy.0 = Release|Any CPU
		{A0BF3BC3-131F-42D8-982C-987B78BCE94E}.Release|x86.ActiveCfg = Release|Any CPU
		{A0BF3BC3-131F-42D8-982C-987B78BCE94E}.Release|x86.Build.0 = Release|Any CPU
		{A0BF3BC3-131F-42D8-982C-987B78BCE94E}.Release|x86.Deploy.0 = Release|Any CPU
		{1BE1CE32-2946-4BAE-8939-6CFC3F6AB313}.Ad-Hoc|Any CPU.ActiveCfg = Ad-Hoc|iPhone
		{1BE1CE32-2946-4BAE-8939-6CFC3F6AB313}.Ad-Hoc|Any CPU.Build.0 = Ad-Hoc|iPhone
		{1BE1CE32-2946-4BAE-8939-6CFC3F6AB313}.Ad-Hoc|Any CPU.Deploy.0 = Ad-Hoc|iPhone
		{1BE1CE32-2946-4BAE-8939-6CFC3F6AB313}.Ad-Hoc|ARM.ActiveCfg = Ad-Hoc|iPhone
		{1BE1CE32-2946-4BAE-8939-6CFC3F6AB313}.Ad-Hoc|ARM.Build.0 = Ad-Hoc|iPhone
		{1BE1CE32-2946-4BAE-8939-6CFC3F6AB313}.Ad-Hoc|ARM.Deploy.0 = Ad-Hoc|iPhone
		{1BE1CE32-2946-4BAE-8939-6CFC3F6AB313}.Ad-Hoc|iPhone.ActiveCfg = Ad-Hoc|iPhone
		{1BE1CE32-2946-4BAE-8939-6CFC3F6AB313}.Ad-Hoc|iPhone.Build.0 = Ad-Hoc|iPhone
		{1BE1CE32-2946-4BAE-8939-6CFC3F6AB313}.Ad-Hoc|iPhone.Deploy.0 = Ad-Hoc|iPhone
		{1BE1CE32-2946-4BAE-8939-6CFC3F6AB313}.Ad-Hoc|iPhoneSimulator.ActiveCfg = Ad-Hoc|iPhoneSimulator
		{1BE1CE32-2946-4BAE-8939-6CFC3F6AB313}.Ad-Hoc|iPhoneSimulator.Build.0 = Ad-Hoc|iPhoneSimulator
		{1BE1CE32-2946-4BAE-8939-6CFC3F6AB313}.Ad-Hoc|iPhoneSimulator.Deploy.0 = Ad-Hoc|iPhoneSimulator
		{1BE1CE32-2946-4BAE-8939-6CFC3F6AB313}.Ad-Hoc|x64.ActiveCfg = Ad-Hoc|iPhone
		{1BE1CE32-2946-4BAE-8939-6CFC3F6AB313}.Ad-Hoc|x64.Build.0 = Ad-Hoc|iPhone
		{1BE1CE32-2946-4BAE-8939-6CFC3F6AB313}.Ad-Hoc|x64.Deploy.0 = Ad-Hoc|iPhone
		{1BE1CE32-2946-4BAE-8939-6CFC3F6AB313}.Ad-Hoc|x86.ActiveCfg = Ad-Hoc|iPhone
		{1BE1CE32-2946-4BAE-8939-6CFC3F6AB313}.Ad-Hoc|x86.Build.0 = Ad-Hoc|iPhone
		{1BE1CE32-2946-4BAE-8939-6CFC3F6AB313}.Ad-Hoc|x86.Deploy.0 = Ad-Hoc|iPhone
		{1BE1CE32-2946-4BAE-8939-6CFC3F6AB313}.AppStore|Any CPU.ActiveCfg = AppStore|iPhone
		{1BE1CE32-2946-4BAE-8939-6CFC3F6AB313}.AppStore|Any CPU.Build.0 = AppStore|iPhone
		{1BE1CE32-2946-4BAE-8939-6CFC3F6AB313}.AppStore|Any CPU.Deploy.0 = AppStore|iPhone
		{1BE1CE32-2946-4BAE-8939-6CFC3F6AB313}.AppStore|ARM.ActiveCfg = AppStore|iPhone
		{1BE1CE32-2946-4BAE-8939-6CFC3F6AB313}.AppStore|ARM.Build.0 = AppStore|iPhone
		{1BE1CE32-2946-4BAE-8939-6CFC3F6AB313}.AppStore|ARM.Deploy.0 = AppStore|iPhone
		{1BE1CE32-2946-4BAE-8939-6CFC3F6AB313}.AppStore|iPhone.ActiveCfg = AppStore|iPhone
		{1BE1CE32-2946-4BAE-8939-6CFC3F6AB313}.AppStore|iPhone.Build.0 = AppStore|iPhone
		{1BE1CE32-2946-4BAE-8939-6CFC3F6AB313}.AppStore|iPhone.Deploy.0 = AppStore|iPhone
		{1BE1CE32-2946-4BAE-8939-6CFC3F6AB313}.AppStore|iPhoneSimulator.ActiveCfg = AppStore|iPhoneSimulator
		{1BE1CE32-2946-4BAE-8939-6CFC3F6AB313}.AppStore|iPhoneSimulator.Build.0 = AppStore|iPhoneSimulator
		{1BE1CE32-2946-4BAE-8939-6CFC3F6AB313}.AppStore|iPhoneSimulator.Deploy.0 = AppStore|iPhoneSimulator
		{1BE1CE32-2946-4BAE-8939-6CFC3F6AB313}.AppStore|x64.ActiveCfg = AppStore|iPhone
		{1BE1CE32-2946-4BAE-8939-6CFC3F6AB313}.AppStore|x64.Build.0 = AppStore|iPhone
		{1BE1CE32-2946-4BAE-8939-6CFC3F6AB313}.AppStore|x64.Deploy.0 = AppStore|iPhone
		{1BE1CE32-2946-4BAE-8939-6CFC3F6AB313}.AppStore|x86.ActiveCfg = AppStore|iPhone
		{1BE1CE32-2946-4BAE-8939-6CFC3F6AB313}.AppStore|x86.Build.0 = AppStore|iPhone
		{1BE1CE32-2946-4BAE-8939-6CFC3F6AB313}.AppStore|x86.Deploy.0 = AppStore|iPhone
		{1BE1CE32-2946-4BAE-8939-6CFC3F6AB313}.Debug|Any CPU.ActiveCfg = Debug|iPhoneSimulator
		{1BE1CE32-2946-4BAE-8939-6CFC3F6AB313}.Debug|Any CPU.Build.0 = Debug|iPhoneSimulator
		{1BE1CE32-2946-4BAE-8939-6CFC3F6AB313}.Debug|Any CPU.Deploy.0 = Debug|iPhoneSimulator
		{1BE1CE32-2946-4BAE-8939-6CFC3F6AB313}.Debug|ARM.ActiveCfg = Debug|iPhone
		{1BE1CE32-2946-4BAE-8939-6CFC3F6AB313}.Debug|ARM.Build.0 = Debug|iPhone
		{1BE1CE32-2946-4BAE-8939-6CFC3F6AB313}.Debug|ARM.Deploy.0 = Debug|iPhone
		{1BE1CE32-2946-4BAE-8939-6CFC3F6AB313}.Debug|iPhone.ActiveCfg = Debug|iPhone
		{1BE1CE32-2946-4BAE-8939-6CFC3F6AB313}.Debug|iPhone.Build.0 = Debug|iPhone
		{1BE1CE32-2946-4BAE-8939-6CFC3F6AB313}.Debug|iPhone.Deploy.0 = Debug|iPhone
		{1BE1CE32-2946-4BAE-8939-6CFC3F6AB313}.Debug|iPhoneSimulator.ActiveCfg = Debug|iPhoneSimulator
		{1BE1CE32-2946-4BAE-8939-6CFC3F6AB313}.Debug|iPhoneSimulator.Build.0 = Debug|iPhoneSimulator
		{1BE1CE32-2946-4BAE-8939-6CFC3F6AB313}.Debug|iPhoneSimulator.Deploy.0 = Debug|iPhoneSimulator
		{1BE1CE32-2946-4BAE-8939-6CFC3F6AB313}.Debug|x64.ActiveCfg = Debug|iPhone
		{1BE1CE32-2946-4BAE-8939-6CFC3F6AB313}.Debug|x64.Build.0 = Debug|iPhone
		{1BE1CE32-2946-4BAE-8939-6CFC3F6AB313}.Debug|x64.Deploy.0 = Debug|iPhone
		{1BE1CE32-2946-4BAE-8939-6CFC3F6AB313}.Debug|x86.ActiveCfg = Debug|iPhone
		{1BE1CE32-2946-4BAE-8939-6CFC3F6AB313}.Debug|x86.Build.0 = Debug|iPhone
		{1BE1CE32-2946-4BAE-8939-6CFC3F6AB313}.Debug|x86.Deploy.0 = Debug|iPhone
		{1BE1CE32-2946-4BAE-8939-6CFC3F6AB313}.Release|Any CPU.ActiveCfg = Release|iPhone
		{1BE1CE32-2946-4BAE-8939-6CFC3F6AB313}.Release|Any CPU.Build.0 = Release|iPhone
		{1BE1CE32-2946-4BAE-8939-6CFC3F6AB313}.Release|Any CPU.Deploy.0 = Release|iPhone
		{1BE1CE32-2946-4BAE-8939-6CFC3F6AB313}.Release|ARM.ActiveCfg = Release|iPhone
		{1BE1CE32-2946-4BAE-8939-6CFC3F6AB313}.Release|ARM.Build.0 = Release|iPhone
		{1BE1CE32-2946-4BAE-8939-6CFC3F6AB313}.Release|ARM.Deploy.0 = Release|iPhone
		{1BE1CE32-2946-4BAE-8939-6CFC3F6AB313}.Release|iPhone.ActiveCfg = Release|iPhone
		{1BE1CE32-2946-4BAE-8939-6CFC3F6AB313}.Release|iPhone.Build.0 = Release|iPhone
		{1BE1CE32-2946-4BAE-8939-6CFC3F6AB313}.Release|iPhone.Deploy.0 = Release|iPhone
		{1BE1CE32-2946-4BAE-8939-6CFC3F6AB313}.Release|iPhoneSimulator.ActiveCfg = Release|iPhoneSimulator
		{1BE1CE32-2946-4BAE-8939-6CFC3F6AB313}.Release|iPhoneSimulator.Build.0 = Release|iPhoneSimulator
		{1BE1CE32-2946-4BAE-8939-6CFC3F6AB313}.Release|iPhoneSimulator.Deploy.0 = Release|iPhoneSimulator
		{1BE1CE32-2946-4BAE-8939-6CFC3F6AB313}.Release|x64.ActiveCfg = Release|iPhone
		{1BE1CE32-2946-4BAE-8939-6CFC3F6AB313}.Release|x64.Build.0 = Release|iPhone
		{1BE1CE32-2946-4BAE-8939-6CFC3F6AB313}.Release|x64.Deploy.0 = Release|iPhone
		{1BE1CE32-2946-4BAE-8939-6CFC3F6AB313}.Release|x86.ActiveCfg = Release|iPhone
		{1BE1CE32-2946-4BAE-8939-6CFC3F6AB313}.Release|x86.Build.0 = Release|iPhone
		{1BE1CE32-2946-4BAE-8939-6CFC3F6AB313}.Release|x86.Deploy.0 = Release|iPhone
		{96C0EF64-E5AF-4933-B36E-FEC623F487E7}.Ad-Hoc|Any CPU.ActiveCfg = Release|x86
		{96C0EF64-E5AF-4933-B36E-FEC623F487E7}.Ad-Hoc|Any CPU.Build.0 = Release|x86
		{96C0EF64-E5AF-4933-B36E-FEC623F487E7}.Ad-Hoc|Any CPU.Deploy.0 = Release|x86
		{96C0EF64-E5AF-4933-B36E-FEC623F487E7}.Ad-Hoc|ARM.ActiveCfg = Release|ARM
		{96C0EF64-E5AF-4933-B36E-FEC623F487E7}.Ad-Hoc|ARM.Build.0 = Release|ARM
		{96C0EF64-E5AF-4933-B36E-FEC623F487E7}.Ad-Hoc|ARM.Deploy.0 = Release|ARM
		{96C0EF64-E5AF-4933-B36E-FEC623F487E7}.Ad-Hoc|iPhone.ActiveCfg = Release|x86
		{96C0EF64-E5AF-4933-B36E-FEC623F487E7}.Ad-Hoc|iPhone.Build.0 = Release|x86
		{96C0EF64-E5AF-4933-B36E-FEC623F487E7}.Ad-Hoc|iPhone.Deploy.0 = Release|x86
		{96C0EF64-E5AF-4933-B36E-FEC623F487E7}.Ad-Hoc|iPhoneSimulator.ActiveCfg = Release|x86
		{96C0EF64-E5AF-4933-B36E-FEC623F487E7}.Ad-Hoc|iPhoneSimulator.Build.0 = Release|x86
		{96C0EF64-E5AF-4933-B36E-FEC623F487E7}.Ad-Hoc|iPhoneSimulator.Deploy.0 = Release|x86
		{96C0EF64-E5AF-4933-B36E-FEC623F487E7}.Ad-Hoc|x64.ActiveCfg = Release|x64
		{96C0EF64-E5AF-4933-B36E-FEC623F487E7}.Ad-Hoc|x64.Build.0 = Release|x64
		{96C0EF64-E5AF-4933-B36E-FEC623F487E7}.Ad-Hoc|x64.Deploy.0 = Release|x64
		{96C0EF64-E5AF-4933-B36E-FEC623F487E7}.Ad-Hoc|x86.ActiveCfg = Release|x86
		{96C0EF64-E5AF-4933-B36E-FEC623F487E7}.Ad-Hoc|x86.Build.0 = Release|x86
		{96C0EF64-E5AF-4933-B36E-FEC623F487E7}.Ad-Hoc|x86.Deploy.0 = Release|x86
		{96C0EF64-E5AF-4933-B36E-FEC623F487E7}.AppStore|Any CPU.ActiveCfg = Release|x86
		{96C0EF64-E5AF-4933-B36E-FEC623F487E7}.AppStore|Any CPU.Build.0 = Release|x86
		{96C0EF64-E5AF-4933-B36E-FEC623F487E7}.AppStore|Any CPU.Deploy.0 = Release|x86
		{96C0EF64-E5AF-4933-B36E-FEC623F487E7}.AppStore|ARM.ActiveCfg = Release|ARM
		{96C0EF64-E5AF-4933-B36E-FEC623F487E7}.AppStore|ARM.Build.0 = Release|ARM
		{96C0EF64-E5AF-4933-B36E-FEC623F487E7}.AppStore|ARM.Deploy.0 = Release|ARM
		{96C0EF64-E5AF-4933-B36E-FEC623F487E7}.AppStore|iPhone.ActiveCfg = Release|x86
		{96C0EF64-E5AF-4933-B36E-FEC623F487E7}.AppStore|iPhone.Build.0 = Release|x86
		{96C0EF64-E5AF-4933-B36E-FEC623F487E7}.AppStore|iPhone.Deploy.0 = Release|x86
		{96C0EF64-E5AF-4933-B36E-FEC623F487E7}.AppStore|iPhoneSimulator.ActiveCfg = Release|x86
		{96C0EF64-E5AF-4933-B36E-FEC623F487E7}.AppStore|iPhoneSimulator.Build.0 = Release|x86
		{96C0EF64-E5AF-4933-B36E-FEC623F487E7}.AppStore|iPhoneSimulator.Deploy.0 = Release|x86
		{96C0EF64-E5AF-4933-B36E-FEC623F487E7}.AppStore|x64.ActiveCfg = Release|x64
		{96C0EF64-E5AF-4933-B36E-FEC623F487E7}.AppStore|x64.Build.0 = Release|x64
		{96C0EF64-E5AF-4933-B36E-FEC623F487E7}.AppStore|x64.Deploy.0 = Release|x64
		{96C0EF64-E5AF-4933-B36E-FEC623F487E7}.AppStore|x86.ActiveCfg = Release|x86
		{96C0EF64-E5AF-4933-B36E-FEC623F487E7}.AppStore|x86.Build.0 = Release|x86
		{96C0EF64-E5AF-4933-B36E-FEC623F487E7}.AppStore|x86.Deploy.0 = Release|x86
		{96C0EF64-E5AF-4933-B36E-FEC623F487E7}.Debug|Any CPU.ActiveCfg = Debug|x86
		{96C0EF64-E5AF-4933-B36E-FEC623F487E7}.Debug|Any CPU.Build.0 = Debug|x86
		{96C0EF64-E5AF-4933-B36E-FEC623F487E7}.Debug|Any CPU.Deploy.0 = Debug|x86
		{96C0EF64-E5AF-4933-B36E-FEC623F487E7}.Debug|ARM.ActiveCfg = Debug|ARM
		{96C0EF64-E5AF-4933-B36E-FEC623F487E7}.Debug|ARM.Build.0 = Debug|ARM
		{96C0EF64-E5AF-4933-B36E-FEC623F487E7}.Debug|ARM.Deploy.0 = Debug|ARM
		{96C0EF64-E5AF-4933-B36E-FEC623F487E7}.Debug|iPhone.ActiveCfg = Debug|x86
		{96C0EF64-E5AF-4933-B36E-FEC623F487E7}.Debug|iPhone.Build.0 = Debug|x86
		{96C0EF64-E5AF-4933-B36E-FEC623F487E7}.Debug|iPhone.Deploy.0 = Debug|x86
		{96C0EF64-E5AF-4933-B36E-FEC623F487E7}.Debug|iPhoneSimulator.ActiveCfg = Debug|x86
		{96C0EF64-E5AF-4933-B36E-FEC623F487E7}.Debug|iPhoneSimulator.Build.0 = Debug|x86
		{96C0EF64-E5AF-4933-B36E-FEC623F487E7}.Debug|iPhoneSimulator.Deploy.0 = Debug|x86
		{96C0EF64-E5AF-4933-B36E-FEC623F487E7}.Debug|x64.ActiveCfg = Debug|x64
		{96C0EF64-E5AF-4933-B36E-FEC623F487E7}.Debug|x64.Build.0 = Debug|x64
		{96C0EF64-E5AF-4933-B36E-FEC623F487E7}.Debug|x64.Deploy.0 = Debug|x64
		{96C0EF64-E5AF-4933-B36E-FEC623F487E7}.Debug|x86.ActiveCfg = Debug|x86
		{96C0EF64-E5AF-4933-B36E-FEC623F487E7}.Debug|x86.Build.0 = Debug|x86
		{96C0EF64-E5AF-4933-B36E-FEC623F487E7}.Debug|x86.Deploy.0 = Debug|x86
		{96C0EF64-E5AF-4933-B36E-FEC623F487E7}.Release|Any CPU.ActiveCfg = Release|x86
		{96C0EF64-E5AF-4933-B36E-FEC623F487E7}.Release|Any CPU.Build.0 = Release|x86
		{96C0EF64-E5AF-4933-B36E-FEC623F487E7}.Release|Any CPU.Deploy.0 = Release|x86
		{96C0EF64-E5AF-4933-B36E-FEC623F487E7}.Release|ARM.ActiveCfg = Release|ARM
		{96C0EF64-E5AF-4933-B36E-FEC623F487E7}.Release|ARM.Build.0 = Release|ARM
		{96C0EF64-E5AF-4933-B36E-FEC623F487E7}.Release|ARM.Deploy.0 = Release|ARM
		{96C0EF64-E5AF-4933-B36E-FEC623F487E7}.Release|iPhone.ActiveCfg = Release|x86
		{96C0EF64-E5AF-4933-B36E-FEC623F487E7}.Release|iPhone.Build.0 = Release|x86
		{96C0EF64-E5AF-4933-B36E-FEC623F487E7}.Release|iPhone.Deploy.0 = Release|x86
		{96C0EF64-E5AF-4933-B36E-FEC623F487E7}.Release|iPhoneSimulator.ActiveCfg = Release|x86
		{96C0EF64-E5AF-4933-B36E-FEC623F487E7}.Release|iPhoneSimulator.Build.0 = Release|x86
		{96C0EF64-E5AF-4933-B36E-FEC623F487E7}.Release|iPhoneSimulator.Deploy.0 = Release|x86
		{96C0EF64-E5AF-4933-B36E-FEC623F487E7}.Release|x64.ActiveCfg = Release|x64
		{96C0EF64-E5AF-4933-B36E-FEC623F487E7}.Release|x64.Build.0 = Release|x64
		{96C0EF64-E5AF-4933-B36E-FEC623F487E7}.Release|x64.Deploy.0 = Release|x64
		{96C0EF64-E5AF-4933-B36E-FEC623F487E7}.Release|x86.ActiveCfg = Release|x86
		{96C0EF64-E5AF-4933-B36E-FEC623F487E7}.Release|x86.Build.0 = Release|x86
		{96C0EF64-E5AF-4933-B36E-FEC623F487E7}.Release|x86.Deploy.0 = Release|x86
		{5479EE09-E097-48DF-B082-86FED4A3D341}.Ad-Hoc|Any CPU.ActiveCfg = Debug|Any CPU
		{5479EE09-E097-48DF-B082-86FED4A3D341}.Ad-Hoc|Any CPU.Build.0 = Debug|Any CPU
		{5479EE09-E097-48DF-B082-86FED4A3D341}.Ad-Hoc|Any CPU.Deploy.0 = Debug|Any CPU
		{5479EE09-E097-48DF-B082-86FED4A3D341}.Ad-Hoc|ARM.ActiveCfg = Debug|Any CPU
		{5479EE09-E097-48DF-B082-86FED4A3D341}.Ad-Hoc|ARM.Build.0 = Debug|Any CPU
		{5479EE09-E097-48DF-B082-86FED4A3D341}.Ad-Hoc|ARM.Deploy.0 = Debug|Any CPU
		{5479EE09-E097-48DF-B082-86FED4A3D341}.Ad-Hoc|iPhone.ActiveCfg = Debug|Any CPU
		{5479EE09-E097-48DF-B082-86FED4A3D341}.Ad-Hoc|iPhone.Build.0 = Debug|Any CPU
		{5479EE09-E097-48DF-B082-86FED4A3D341}.Ad-Hoc|iPhone.Deploy.0 = Debug|Any CPU
		{5479EE09-E097-48DF-B082-86FED4A3D341}.Ad-Hoc|iPhoneSimulator.ActiveCfg = Debug|Any CPU
		{5479EE09-E097-48DF-B082-86FED4A3D341}.Ad-Hoc|iPhoneSimulator.Build.0 = Debug|Any CPU
		{5479EE09-E097-48DF-B082-86FED4A3D341}.Ad-Hoc|iPhoneSimulator.Deploy.0 = Debug|Any CPU
		{5479EE09-E097-48DF-B082-86FED4A3D341}.Ad-Hoc|x64.ActiveCfg = Debug|Any CPU
		{5479EE09-E097-48DF-B082-86FED4A3D341}.Ad-Hoc|x64.Build.0 = Debug|Any CPU
		{5479EE09-E097-48DF-B082-86FED4A3D341}.Ad-Hoc|x64.Deploy.0 = Debug|Any CPU
		{5479EE09-E097-48DF-B082-86FED4A3D341}.Ad-Hoc|x86.ActiveCfg = Debug|Any CPU
		{5479EE09-E097-48DF-B082-86FED4A3D341}.Ad-Hoc|x86.Build.0 = Debug|Any CPU
		{5479EE09-E097-48DF-B082-86FED4A3D341}.Ad-Hoc|x86.Deploy.0 = Debug|Any CPU
		{5479EE09-E097-48DF-B082-86FED4A3D341}.AppStore|Any CPU.ActiveCfg = Debug|Any CPU
		{5479EE09-E097-48DF-B082-86FED4A3D341}.AppStore|Any CPU.Build.0 = Debug|Any CPU
		{5479EE09-E097-48DF-B082-86FED4A3D341}.AppStore|Any CPU.Deploy.0 = Debug|Any CPU
		{5479EE09-E097-48DF-B082-86FED4A3D341}.AppStore|ARM.ActiveCfg = Debug|Any CPU
		{5479EE09-E097-48DF-B082-86FED4A3D341}.AppStore|ARM.Build.0 = Debug|Any CPU
		{5479EE09-E097-48DF-B082-86FED4A3D341}.AppStore|ARM.Deploy.0 = Debug|Any CPU
		{5479EE09-E097-48DF-B082-86FED4A3D341}.AppStore|iPhone.ActiveCfg = Debug|Any CPU
		{5479EE09-E097-48DF-B082-86FED4A3D341}.AppStore|iPhone.Build.0 = Debug|Any CPU
		{5479EE09-E097-48DF-B082-86FED4A3D341}.AppStore|iPhone.Deploy.0 = Debug|Any CPU
		{5479EE09-E097-48DF-B082-86FED4A3D341}.AppStore|iPhoneSimulator.ActiveCfg = Debug|Any CPU
		{5479EE09-E097-48DF-B082-86FED4A3D341}.AppStore|iPhoneSimulator.Build.0 = Debug|Any CPU
		{5479EE09-E097-48DF-B082-86FED4A3D341}.AppStore|iPhoneSimulator.Deploy.0 = Debug|Any CPU
		{5479EE09-E097-48DF-B082-86FED4A3D341}.AppStore|x64.ActiveCfg = Debug|Any CPU
		{5479EE09-E097-48DF-B082-86FED4A3D341}.AppStore|x64.Build.0 = Debug|Any CPU
		{5479EE09-E097-48DF-B082-86FED4A3D341}.AppStore|x64.Deploy.0 = Debug|Any CPU
		{5479EE09-E097-48DF-B082-86FED4A3D341}.AppStore|x86.ActiveCfg = Debug|Any CPU
		{5479EE09-E097-48DF-B082-86FED4A3D341}.AppStore|x86.Build.0 = Debug|Any CPU
		{5479EE09-E097-48DF-B082-86FED4A3D341}.AppStore|x86.Deploy.0 = Debug|Any CPU
		{5479EE09-E097-48DF-B082-86FED4A3D341}.Debug|Any CPU.ActiveCfg = Debug|Any CPU
		{5479EE09-E097-48DF-B082-86FED4A3D341}.Debug|Any CPU.Build.0 = Debug|Any CPU
		{5479EE09-E097-48DF-B082-86FED4A3D341}.Debug|Any CPU.Deploy.0 = Debug|Any CPU
		{5479EE09-E097-48DF-B082-86FED4A3D341}.Debug|ARM.ActiveCfg = Debug|Any CPU
		{5479EE09-E097-48DF-B082-86FED4A3D341}.Debug|ARM.Build.0 = Debug|Any CPU
		{5479EE09-E097-48DF-B082-86FED4A3D341}.Debug|ARM.Deploy.0 = Debug|Any CPU
		{5479EE09-E097-48DF-B082-86FED4A3D341}.Debug|iPhone.ActiveCfg = Debug|Any CPU
		{5479EE09-E097-48DF-B082-86FED4A3D341}.Debug|iPhone.Build.0 = Debug|Any CPU
		{5479EE09-E097-48DF-B082-86FED4A3D341}.Debug|iPhone.Deploy.0 = Debug|Any CPU
		{5479EE09-E097-48DF-B082-86FED4A3D341}.Debug|iPhoneSimulator.ActiveCfg = Debug|Any CPU
		{5479EE09-E097-48DF-B082-86FED4A3D341}.Debug|iPhoneSimulator.Build.0 = Debug|Any CPU
		{5479EE09-E097-48DF-B082-86FED4A3D341}.Debug|iPhoneSimulator.Deploy.0 = Debug|Any CPU
		{5479EE09-E097-48DF-B082-86FED4A3D341}.Debug|x64.ActiveCfg = Debug|Any CPU
		{5479EE09-E097-48DF-B082-86FED4A3D341}.Debug|x64.Build.0 = Debug|Any CPU
		{5479EE09-E097-48DF-B082-86FED4A3D341}.Debug|x64.Deploy.0 = Debug|Any CPU
		{5479EE09-E097-48DF-B082-86FED4A3D341}.Debug|x86.ActiveCfg = Debug|Any CPU
		{5479EE09-E097-48DF-B082-86FED4A3D341}.Debug|x86.Build.0 = Debug|Any CPU
		{5479EE09-E097-48DF-B082-86FED4A3D341}.Debug|x86.Deploy.0 = Debug|Any CPU
		{5479EE09-E097-48DF-B082-86FED4A3D341}.Release|Any CPU.ActiveCfg = Release|Any CPU
		{5479EE09-E097-48DF-B082-86FED4A3D341}.Release|Any CPU.Build.0 = Release|Any CPU
		{5479EE09-E097-48DF-B082-86FED4A3D341}.Release|Any CPU.Deploy.0 = Release|Any CPU
		{5479EE09-E097-48DF-B082-86FED4A3D341}.Release|ARM.ActiveCfg = Release|Any CPU
		{5479EE09-E097-48DF-B082-86FED4A3D341}.Release|ARM.Build.0 = Release|Any CPU
		{5479EE09-E097-48DF-B082-86FED4A3D341}.Release|ARM.Deploy.0 = Release|Any CPU
		{5479EE09-E097-48DF-B082-86FED4A3D341}.Release|iPhone.ActiveCfg = Release|Any CPU
		{5479EE09-E097-48DF-B082-86FED4A3D341}.Release|iPhone.Build.0 = Release|Any CPU
		{5479EE09-E097-48DF-B082-86FED4A3D341}.Release|iPhone.Deploy.0 = Release|Any CPU
		{5479EE09-E097-48DF-B082-86FED4A3D341}.Release|iPhoneSimulator.ActiveCfg = Release|Any CPU
		{5479EE09-E097-48DF-B082-86FED4A3D341}.Release|iPhoneSimulator.Build.0 = Release|Any CPU
		{5479EE09-E097-48DF-B082-86FED4A3D341}.Release|iPhoneSimulator.Deploy.0 = Release|Any CPU
		{5479EE09-E097-48DF-B082-86FED4A3D341}.Release|x64.ActiveCfg = Release|Any CPU
		{5479EE09-E097-48DF-B082-86FED4A3D341}.Release|x64.Build.0 = Release|Any CPU
		{5479EE09-E097-48DF-B082-86FED4A3D341}.Release|x64.Deploy.0 = Release|Any CPU
		{5479EE09-E097-48DF-B082-86FED4A3D341}.Release|x86.ActiveCfg = Release|Any CPU
		{5479EE09-E097-48DF-B082-86FED4A3D341}.Release|x86.Build.0 = Release|Any CPU
		{5479EE09-E097-48DF-B082-86FED4A3D341}.Release|x86.Deploy.0 = Release|Any CPU
	EndGlobalSection
	GlobalSection(SolutionProperties) = preSolution
		HideSolutionNode = FALSE
	EndGlobalSection
	GlobalSection(ExtensibilityGlobals) = postSolution
		SolutionGuid = {1FC2AD2C-E309-4368-A48B-2BC0F75F8709}
	EndGlobalSection
EndGlobal
